
Microsoft Visual Studio Solution File, Format Version 12.00
# Visual Studio Version 17
VisualStudioVersion = 17.9.34622.214
MinimumVisualStudioVersion = 10.0.40219.1
Project("{2150E333-8FDC-42A3-9474-1A3956D46DE8}") = "src", "src", "{827E0CD3-B72D-47B6-A68D-7590B98EB39B}"
EndProject
Project("{FAE04EC0-301F-11D3-BF4B-00C04F79EFBC}") = "Mutators", "src\Mutators\Mutators.csproj", "{AC764030-71EF-49AD-8C89-0A7E12F94516}"
EndProject
Project("{2150E333-8FDC-42A3-9474-1A3956D46DE8}") = "tests", "tests", "{0AB3BF05-4346-4AA6-1389-037BE0695223}"
	ProjectSection(SolutionItems) = preProject
		tests\.editorconfig = tests\.editorconfig
	EndProjectSection
EndProject
Project("{FAE04EC0-301F-11D3-BF4B-00C04F79EFBC}") = "Mutators.Tests", "tests\Mutators.Tests\Mutators.Tests.csproj", "{66207298-045E-4C6A-AA1E-6AE63E0B27E6}"
EndProject
Global
	GlobalSection(SolutionConfigurationPlatforms) = preSolution
		Debug|Any CPU = Debug|Any CPU
		Debug|x64 = Debug|x64
		Debug|x86 = Debug|x86
		Release|Any CPU = Release|Any CPU
		Release|x64 = Release|x64
		Release|x86 = Release|x86
	EndGlobalSection
	GlobalSection(ProjectConfigurationPlatforms) = postSolution
		{AC764030-71EF-49AD-8C89-0A7E12F94516}.Debug|Any CPU.ActiveCfg = Debug|Any CPU
		{AC764030-71EF-49AD-8C89-0A7E12F94516}.Debug|Any CPU.Build.0 = Debug|Any CPU
		{AC764030-71EF-49AD-8C89-0A7E12F94516}.Debug|x64.ActiveCfg = Debug|Any CPU
		{AC764030-71EF-49AD-8C89-0A7E12F94516}.Debug|x64.Build.0 = Debug|Any CPU
		{AC764030-71EF-49AD-8C89-0A7E12F94516}.Debug|x86.ActiveCfg = Debug|Any CPU
		{AC764030-71EF-49AD-8C89-0A7E12F94516}.Debug|x86.Build.0 = Debug|Any CPU
		{AC764030-71EF-49AD-8C89-0A7E12F94516}.Release|Any CPU.ActiveCfg = Release|Any CPU
		{AC764030-71EF-49AD-8C89-0A7E12F94516}.Release|Any CPU.Build.0 = Release|Any CPU
		{AC764030-71EF-49AD-8C89-0A7E12F94516}.Release|x64.ActiveCfg = Release|Any CPU
		{AC764030-71EF-49AD-8C89-0A7E12F94516}.Release|x64.Build.0 = Release|Any CPU
		{AC764030-71EF-49AD-8C89-0A7E12F94516}.Release|x86.ActiveCfg = Release|Any CPU
		{AC764030-71EF-49AD-8C89-0A7E12F94516}.Release|x86.Build.0 = Release|Any CPU
		{66207298-045E-4C6A-AA1E-6AE63E0B27E6}.Debug|Any CPU.ActiveCfg = Debug|Any CPU
		{66207298-045E-4C6A-AA1E-6AE63E0B27E6}.Debug|Any CPU.Build.0 = Debug|Any CPU
		{66207298-045E-4C6A-AA1E-6AE63E0B27E6}.Debug|x64.ActiveCfg = Debug|Any CPU
		{66207298-045E-4C6A-AA1E-6AE63E0B27E6}.Debug|x64.Build.0 = Debug|Any CPU
		{66207298-045E-4C6A-AA1E-6AE63E0B27E6}.Debug|x86.ActiveCfg = Debug|Any CPU
		{66207298-045E-4C6A-AA1E-6AE63E0B27E6}.Debug|x86.Build.0 = Debug|Any CPU
		{66207298-045E-4C6A-AA1E-6AE63E0B27E6}.Release|Any CPU.ActiveCfg = Release|Any CPU
		{66207298-045E-4C6A-AA1E-6AE63E0B27E6}.Release|Any CPU.Build.0 = Release|Any CPU
		{66207298-045E-4C6A-AA1E-6AE63E0B27E6}.Release|x64.ActiveCfg = Release|Any CPU
		{66207298-045E-4C6A-AA1E-6AE63E0B27E6}.Release|x64.Build.0 = Release|Any CPU
		{66207298-045E-4C6A-AA1E-6AE63E0B27E6}.Release|x86.ActiveCfg = Release|Any CPU
		{66207298-045E-4C6A-AA1E-6AE63E0B27E6}.Release|x86.Build.0 = Release|Any CPU
	EndGlobalSection
	GlobalSection(SolutionProperties) = preSolution
		HideSolutionNode = FALSE
	EndGlobalSection
	GlobalSection(NestedProjects) = preSolution
		{AC764030-71EF-49AD-8C89-0A7E12F94516} = {827E0CD3-B72D-47B6-A68D-7590B98EB39B}
		{66207298-045E-4C6A-AA1E-6AE63E0B27E6} = {0AB3BF05-4346-4AA6-1389-037BE0695223}
	EndGlobalSection
	GlobalSection(ExtensibilityGlobals) = postSolution
		SolutionGuid = {EC91F9F2-303A-45AF-8459-D4A02DA578EF}
	EndGlobalSection
EndGlobal
