
Microsoft Visual Studio Solution File, Format Version 12.00
# Visual Studio Version 17
VisualStudioVersion = 17.9.34622.214
MinimumVisualStudioVersion = 10.0.40219.1
Project("{9A19103F-16F7-4668-BE54-9A1E7A4F7556}") = "Mutators", "Mutators.csproj", "{03496558-35D5-449C-B304-9F0D9492F142}"
EndProject
Global
	GlobalSection(SolutionConfigurationPlatforms) = preSolution
		Debug|Any CPU = Debug|Any CPU
		Release|Any CPU = Release|Any CPU
	EndGlobalSection
	GlobalSection(ProjectConfigurationPlatforms) = postSolution
		{03496558-35D5-449C-B304-9F0D9492F142}.Debug|Any CPU.ActiveCfg = Debug|Any CPU
		{03496558-35D5-449C-B304-9F0D9492F142}.Debug|Any CPU.Build.0 = Debug|Any CPU
		{03496558-35D5-449C-B304-9F0D9492F142}.Release|Any CPU.ActiveCfg = Release|Any CPU
		{03496558-35D5-449C-B304-9F0D9492F142}.Release|Any CPU.Build.0 = Release|Any CPU
	EndGlobalSection
	GlobalSection(SolutionProperties) = preSolution
		HideSolutionNode = FALSE
	EndGlobalSection
	GlobalSection(ExtensibilityGlobals) = postSolution
		SolutionGuid = {EC91F9F2-303A-45AF-8459-D4A02DA578EF}
	EndGlobalSection
EndGlobal
